<?xml version="1.0" encoding="utf-8"?>
<Project ToolsVersion="4.0" xmlns="http://schemas.microsoft.com/developer/msbuild/2003">
  <ItemGroup>
    <Filter Include="Source Files">
      <UniqueIdentifier>{850f3c97-02e1-4805-a00a-ed0ae24c8ab8}</UniqueIdentifier>
      <Extensions>cpp;c;cxx;rc;def;r;odl;idl;hpj;bat</Extensions>
    </Filter>
    <Filter Include="Header Files">
      <UniqueIdentifier>{26d02888-b726-4ad8-8f82-6483505370d6}</UniqueIdentifier>
      <Extensions>h;hpp;hxx;hm;inl</Extensions>
    </Filter>
  </ItemGroup>
  <ItemGroup>
    <ClCompile Include="3des.cpp">
      <Filter>Source Files</Filter>
    </ClCompile>
    <ClCompile Include="base64.cpp">
      <Filter>Source Files</Filter>
    </ClCompile>
    <ClCompile Include="crc32.cpp">
      <Filter>Source Files</Filter>
    </ClCompile>
    <ClCompile Include="MD5Sum.cpp">
      <Filter>Source Files</Filter>
    </ClCompile>
    <ClCompile Include="TimerManager.cpp">
      <Filter>Source Files</Filter>
    </ClCompile>
    <ClCompile Include="UtilityInterface.cpp">
      <Filter>Source Files</Filter>
    </ClCompile>
    <ClCompile Include="Http.cpp">
      <Filter>Source Files</Filter>
    </ClCompile>
    <ClCompile Include="vurl.cpp">
      <Filter>Source Files</Filter>
    </ClCompile>
    <ClCompile Include="DealMulPkt.cpp">
      <Filter>Source Files</Filter>
    </ClCompile>
  </ItemGroup>
  <ItemGroup>
    <ClInclude Include="3des.h">
      <Filter>Header Files</Filter>
    </ClInclude>
    <ClInclude Include="base64.h">
      <Filter>Header Files</Filter>
    </ClInclude>
    <ClInclude Include="crc32.h">
      <Filter>Header Files</Filter>
    </ClInclude>
    <ClInclude Include="MD5Sum.h">
      <Filter>Header Files</Filter>
    </ClInclude>
    <ClInclude Include="TimerManager.h">
      <Filter>Header Files</Filter>
    </ClInclude>
    <ClInclude Include="UtilityDataStruct.h">
      <Filter>Header Files</Filter>
    </ClInclude>
    <ClInclude Include="ElemSet_Http.h">
      <Filter>Header Files</Filter>
    </ClInclude>
    <ClInclude Include="Http.h">
      <Filter>Header Files</Filter>
    </ClInclude>
    <ClInclude Include="vurl.h">
      <Filter>Header Files</Filter>
    </ClInclude>
    <ClInclude Include="DealMulPkt.h">
      <Filter>Header Files</Filter>
    </ClInclude>
    <ClInclude Include="ElemMapUtility.h">
      <Filter>Header Files</Filter>
    </ClInclude>
    <ClInclude Include="UtilityInterface.h">
      <Filter>Source Files</Filter>
    </ClInclude>
  </ItemGroup>
  <ItemGroup>
    <None Include="Makefile" />
  </ItemGroup>
</Project>